
Microsoft Visual Studio Solution File, Format Version 12.00
# Visual Studio Version 17
VisualStudioVersion = 17.14.37614.0 d17.14
MinimumVisualStudioVersion = 10.0.40219.1
Project("{FAE04EC0-301F-11D3-BF4B-00C04F79EFBC}") = "Lab04", "Lab04.csproj", "{5E62B7D6-BF5B-4A0B-B105-4697B3F6B298}"
EndProject
Global
	GlobalSection(SolutionConfigurationPlatforms) = preSolution
		Debug|Any CPU = Debug|Any CPU
		Release|Any CPU = Release|Any CPU
	EndGlobalSection
	GlobalSection(ProjectConfigurationPlatforms) = postSolution
		{5E62B7D6-BF5B-4A0B-B105-4697B3F6B298}.Debug|Any CPU.ActiveCfg = Debug|Any CPU
		{5E62B7D6-BF5B-4A0B-B105-4697B3F6B298}.Debug|Any CPU.Build.0 = Debug|Any CPU
		{5E62B7D6-BF5B-4A0B-B105-4697B3F6B298}.Release|Any CPU.ActiveCfg = Release|Any CPU
		{5E62B7D6-BF5B-4A0B-B105-4697B3F6B298}.Release|Any CPU.Build.0 = Release|Any CPU
	EndGlobalSection
	GlobalSection(SolutionProperties) = preSolution
		HideSolutionNode = FALSE
	EndGlobalSection
	GlobalSection(ExtensibilityGlobals) = postSolution
		SolutionGuid = {60FB2486-6C47-4D25-A267-A3571E3CCEB4}
	EndGlobalSection
EndGlobal
