
Microsoft Visual Studio Solution File, Format Version 12.00
# Visual Studio Version 17
VisualStudioVersion = 17.14.37628.2 d17.14
MinimumVisualStudioVersion = 10.0.40219.1
Project("{FAE04EC0-301F-11D3-BF4B-00C04F79EFBC}") = "Assigment01", "Assigment01.csproj", "{04D97425-3967-4004-9EFD-A3E41E56BF04}"
EndProject
Global
	GlobalSection(SolutionConfigurationPlatforms) = preSolution
		Debug|Any CPU = Debug|Any CPU
		Release|Any CPU = Release|Any CPU
	EndGlobalSection
	GlobalSection(ProjectConfigurationPlatforms) = postSolution
		{04D97425-3967-4004-9EFD-A3E41E56BF04}.Debug|Any CPU.ActiveCfg = Debug|Any CPU
		{04D97425-3967-4004-9EFD-A3E41E56BF04}.Debug|Any CPU.Build.0 = Debug|Any CPU
		{04D97425-3967-4004-9EFD-A3E41E56BF04}.Release|Any CPU.ActiveCfg = Release|Any CPU
		{04D97425-3967-4004-9EFD-A3E41E56BF04}.Release|Any CPU.Build.0 = Release|Any CPU
	EndGlobalSection
	GlobalSection(SolutionProperties) = preSolution
		HideSolutionNode = FALSE
	EndGlobalSection
	GlobalSection(ExtensibilityGlobals) = postSolution
		SolutionGuid = {3DCAB768-1CC8-4021-A1B2-F491E99CACD2}
	EndGlobalSection
EndGlobal
